
Microsoft Visual Studio Solution File, Format Version 12.00
# Visual Studio 14
VisualStudioVersion = 14.0.25123.0
MinimumVisualStudioVersion = 10.0.40219.1
Project("{2150E333-8FDC-42A3-9474-1A3956D46DE8}") = "UI", "UI", "{6B6B04A0-8645-44F5-9142-A382226DB883}"
EndProject
Project("{2150E333-8FDC-42A3-9474-1A3956D46DE8}") = "Logic", "Logic", "{439C761B-5189-4DC3-9A60-63A8B2D424B5}"
EndProject
Project("{2150E333-8FDC-42A3-9474-1A3956D46DE8}") = "Persistance", "Persistance", "{276BF328-9152-4521-A8AD-37E596B020FC}"
EndProject
Project("{FAE04EC0-301F-11D3-BF4B-00C04F79EFBC}") = "WinISP", "WinISP\WinISP.csproj", "{D0DAD981-526C-4E78-96FB-BA8B24144421}"
EndProject
Project("{FAE04EC0-301F-11D3-BF4B-00C04F79EFBC}") = "WebISP", "WebISP\WebISP.csproj", "{DDD18EB5-8FEF-4418-8A9A-70E3554C85DE}"
EndProject
Project("{FAE04EC0-301F-11D3-BF4B-00C04F79EFBC}") = "Logic", "Logic\Logic.csproj", "{40373B3D-31CA-4477-BB2E-2E98A96D1FD1}"
EndProject
Project("{FAE04EC0-301F-11D3-BF4B-00C04F79EFBC}") = "ISPManager", "ISPManager\ISPManager.csproj", "{C9902734-0100-471C-A5B4-0B7AEF62F7E8}"
EndProject
Project("{2150E333-8FDC-42A3-9474-1A3956D46DE8}") = "TestDesk", "TestDesk", "{D99DAEC4-1627-40CC-A707-B4F5B73411BE}"
EndProject
Project("{FAE04EC0-301F-11D3-BF4B-00C04F79EFBC}") = "ConsoleApplication", "ConsoleApplication\ConsoleApplication.csproj", "{FB765DD0-4A3E-48F0-9571-38E66B9149C4}"
EndProject
Global
	GlobalSection(SolutionConfigurationPlatforms) = preSolution
		Debug|Any CPU = Debug|Any CPU
		Release|Any CPU = Release|Any CPU
	EndGlobalSection
	GlobalSection(ProjectConfigurationPlatforms) = postSolution
		{D0DAD981-526C-4E78-96FB-BA8B24144421}.Debug|Any CPU.ActiveCfg = Debug|Any CPU
		{D0DAD981-526C-4E78-96FB-BA8B24144421}.Debug|Any CPU.Build.0 = Debug|Any CPU
		{D0DAD981-526C-4E78-96FB-BA8B24144421}.Release|Any CPU.ActiveCfg = Release|Any CPU
		{D0DAD981-526C-4E78-96FB-BA8B24144421}.Release|Any CPU.Build.0 = Release|Any CPU
		{DDD18EB5-8FEF-4418-8A9A-70E3554C85DE}.Debug|Any CPU.ActiveCfg = Debug|Any CPU
		{DDD18EB5-8FEF-4418-8A9A-70E3554C85DE}.Debug|Any CPU.Build.0 = Debug|Any CPU
		{DDD18EB5-8FEF-4418-8A9A-70E3554C85DE}.Release|Any CPU.ActiveCfg = Release|Any CPU
		{DDD18EB5-8FEF-4418-8A9A-70E3554C85DE}.Release|Any CPU.Build.0 = Release|Any CPU
		{40373B3D-31CA-4477-BB2E-2E98A96D1FD1}.Debug|Any CPU.ActiveCfg = Debug|Any CPU
		{40373B3D-31CA-4477-BB2E-2E98A96D1FD1}.Debug|Any CPU.Build.0 = Debug|Any CPU
		{40373B3D-31CA-4477-BB2E-2E98A96D1FD1}.Release|Any CPU.ActiveCfg = Release|Any CPU
		{40373B3D-31CA-4477-BB2E-2E98A96D1FD1}.Release|Any CPU.Build.0 = Release|Any CPU
		{C9902734-0100-471C-A5B4-0B7AEF62F7E8}.Debug|Any CPU.ActiveCfg = Debug|Any CPU
		{C9902734-0100-471C-A5B4-0B7AEF62F7E8}.Debug|Any CPU.Build.0 = Debug|Any CPU
		{C9902734-0100-471C-A5B4-0B7AEF62F7E8}.Release|Any CPU.ActiveCfg = Release|Any CPU
		{C9902734-0100-471C-A5B4-0B7AEF62F7E8}.Release|Any CPU.Build.0 = Release|Any CPU
		{FB765DD0-4A3E-48F0-9571-38E66B9149C4}.Debug|Any CPU.ActiveCfg = Debug|Any CPU
		{FB765DD0-4A3E-48F0-9571-38E66B9149C4}.Debug|Any CPU.Build.0 = Debug|Any CPU
		{FB765DD0-4A3E-48F0-9571-38E66B9149C4}.Release|Any CPU.ActiveCfg = Release|Any CPU
		{FB765DD0-4A3E-48F0-9571-38E66B9149C4}.Release|Any CPU.Build.0 = Release|Any CPU
	EndGlobalSection
	GlobalSection(SolutionProperties) = preSolution
		HideSolutionNode = FALSE
	EndGlobalSection
	GlobalSection(NestedProjects) = preSolution
		{D0DAD981-526C-4E78-96FB-BA8B24144421} = {6B6B04A0-8645-44F5-9142-A382226DB883}
		{DDD18EB5-8FEF-4418-8A9A-70E3554C85DE} = {6B6B04A0-8645-44F5-9142-A382226DB883}
		{40373B3D-31CA-4477-BB2E-2E98A96D1FD1} = {439C761B-5189-4DC3-9A60-63A8B2D424B5}
		{C9902734-0100-471C-A5B4-0B7AEF62F7E8} = {6B6B04A0-8645-44F5-9142-A382226DB883}
		{FB765DD0-4A3E-48F0-9571-38E66B9149C4} = {D99DAEC4-1627-40CC-A707-B4F5B73411BE}
	EndGlobalSection
EndGlobal
